// !$*UTF8*$!
{
	archiveVersion = 1;
	classes = {
	};
	objectVersion = 50;
	objects = {

/* Begin PBXBuildFile section */
		69ACFEF2262972C600CCD405 /* SetApp.swift in Sources */ = {isa = PBXBuildFile; fileRef = 69ACFEF1262972C600CCD405 /* SetApp.swift */; };
		69ACFEF4262972C600CCD405 /* ContentView.swift in Sources */ = {isa = PBXBuildFile; fileRef = 69ACFEF3262972C600CCD405 /* ContentView.swift */; };
		69ACFEF6262972C700CCD405 /* Assets.xcassets in Resources */ = {isa = PBXBuildFile; fileRef = 69ACFEF5262972C700CCD405 /* Assets.xcassets */; };
		69ACFEF9262972C700CCD405 /* Preview Assets.xcassets in Resources */ = {isa = PBXBuildFile; fileRef = 69ACFEF8262972C700CCD405 /* Preview Assets.xcassets */; };
		69ACFF0B26297C7E00CCD405 /* SetGameViewModel.swift in Sources */ = {isa = PBXBuildFile; fileRef = 69ACFF0A26297C7E00CCD405 /* SetGameViewModel.swift */; };
		69ACFF0E26297CA400CCD405 /* SetGame.swift in Sources */ = {isa = PBXBuildFile; fileRef = 69ACFF0D26297CA400CCD405 /* SetGame.swift */; };
		69ACFF152629D37D00CCD405 /* SetCard.swift in Sources */ = {isa = PBXBuildFile; fileRef = 69ACFF142629D37D00CCD405 /* SetCard.swift */; };
		69ACFF3B262A18B800CCD405 /* Array+Identifiable.swift in Sources */ = {isa = PBXBuildFile; fileRef = 69ACFF3A262A18B800CCD405 /* Array+Identifiable.swift */; };
		69ACFF3E262AF91400CCD405 /* CardView.swift in Sources */ = {isa = PBXBuildFile; fileRef = 69ACFF3D262AF91400CCD405 /* CardView.swift */; };
/* End PBXBuildFile section */

/* Begin PBXFileReference section */
		69ACFEEE262972C600CCD405 /* Set.app */ = {isa = PBXFileReference; explicitFileType = wrapper.application; includeInIndex = 0; path = Set.app; sourceTree = BUILT_PRODUCTS_DIR; };
		69ACFEF1262972C600CCD405 /* SetApp.swift */ = {isa = PBXFileReference; lastKnownFileType = sourcecode.swift; path = SetApp.swift; sourceTree = "<group>"; };
		69ACFEF3262972C600CCD405 /* ContentView.swift */ = {isa = PBXFileReference; lastKnownFileType = sourcecode.swift; path = ContentView.swift; sourceTree = "<group>"; };
		69ACFEF5262972C700CCD405 /* Assets.xcassets */ = {isa = PBXFileReference; lastKnownFileType = folder.assetcatalog; path = Assets.xcassets; sourceTree = "<group>"; };
		69ACFEF8262972C700CCD405 /* Preview Assets.xcassets */ = {isa = PBXFileReference; lastKnownFileType = folder.assetcatalog; path = "Preview Assets.xcassets"; sourceTree = "<group>"; };
		69ACFEFA262972C700CCD405 /* Info.plist */ = {isa = PBXFileReference; lastKnownFileType = text.plist.xml; path = Info.plist; sourceTree = "<group>"; };
		69ACFF0A26297C7E00CCD405 /* SetGameViewModel.swift */ = {isa = PBXFileReference; lastKnownFileType = sourcecode.swift; path = SetGameViewModel.swift; sourceTree = "<group>"; };
		69ACFF0D26297CA400CCD405 /* SetGame.swift */ = {isa = PBXFileReference; lastKnownFileType = sourcecode.swift; path = SetGame.swift; sourceTree = "<group>"; };
		69ACFF142629D37D00CCD405 /* SetCard.swift */ = {isa = PBXFileReference; lastKnownFileType = sourcecode.swift; path = SetCard.swift; sourceTree = "<group>"; };
		69ACFF3A262A18B800CCD405 /* Array+Identifiable.swift */ = {isa = PBXFileReference; lastKnownFileType = sourcecode.swift; path = "Array+Identifiable.swift"; sourceTree = "<group>"; };
		69ACFF3D262AF91400CCD405 /* CardView.swift */ = {isa = PBXFileReference; lastKnownFileType = sourcecode.swift; path = CardView.swift; sourceTree = "<group>"; };
/* End PBXFileReference section */

/* Begin PBXFrameworksBuildPhase section */
		69ACFEEB262972C600CCD405 /* Frameworks */ = {
			isa = PBXFrameworksBuildPhase;
			buildActionMask = 2147483647;
			files = (
			);
			runOnlyForDeploymentPostprocessing = 0;
		};
/* End PBXFrameworksBuildPhase section */

/* Begin PBXGroup section */
		69ACFEE5262972C600CCD405 = {
			isa = PBXGroup;
			children = (
				69ACFEF0262972C600CCD405 /* Set */,
				69ACFEEF262972C600CCD405 /* Products */,
			);
			sourceTree = "<group>";
		};
		69ACFEEF262972C600CCD405 /* Products */ = {
			isa = PBXGroup;
			children = (
				69ACFEEE262972C600CCD405 /* Set.app */,
			);
			name = Products;
			sourceTree = "<group>";
		};
		69ACFEF0262972C600CCD405 /* Set */ = {
			isa = PBXGroup;
			children = (
				69ACFF1326297CB400CCD405 /* ViewModel */,
				69ACFF1126297CAA00CCD405 /* Model */,
				69ACFEF1262972C600CCD405 /* SetApp.swift */,
				69ACFF0926297C0200CCD405 /* View */,
				69ACFEF5262972C700CCD405 /* Assets.xcassets */,
				69ACFEFA262972C700CCD405 /* Info.plist */,
				69ACFEF7262972C700CCD405 /* Preview Content */,
			);
			path = Set;
			sourceTree = "<group>";
		};
		69ACFEF7262972C700CCD405 /* Preview Content */ = {
			isa = PBXGroup;
			children = (
				69ACFEF8262972C700CCD405 /* Preview Assets.xcassets */,
			);
			path = "Preview Content";
			sourceTree = "<group>";
		};
		69ACFF0926297C0200CCD405 /* View */ = {
			isa = PBXGroup;
			children = (
				69ACFEF3262972C600CCD405 /* ContentView.swift */,
				69ACFF3D262AF91400CCD405 /* CardView.swift */,
			);
			path = View;
			sourceTree = "<group>";
		};
		69ACFF1126297CAA00CCD405 /* Model */ = {
			isa = PBXGroup;
			children = (
				69ACFF0D26297CA400CCD405 /* SetGame.swift */,
				69ACFF3A262A18B800CCD405 /* Array+Identifiable.swift */,
				69ACFF142629D37D00CCD405 /* SetCard.swift */,
			);
			path = Model;
			sourceTree = "<group>";
		};
		69ACFF1326297CB400CCD405 /* ViewModel */ = {
			isa = PBXGroup;
			children = (
				69ACFF0A26297C7E00CCD405 /* SetGameViewModel.swift */,
			);
			path = ViewModel;
			sourceTree = "<group>";
		};
/* End PBXGroup section */

/* Begin PBXNativeTarget section */
		69ACFEED262972C600CCD405 /* Set */ = {
			isa = PBXNativeTarget;
			buildConfigurationList = 69ACFEFD262972C700CCD405 /* Build configuration list for PBXNativeTarget "Set" */;
			buildPhases = (
				69ACFEEA262972C600CCD405 /* Sources */,
				69ACFEEB262972C600CCD405 /* Frameworks */,
				69ACFEEC262972C600CCD405 /* Resources */,
			);
			buildRules = (
			);
			dependencies = (
			);
			name = Set;
			productName = Set;
			productReference = 69ACFEEE262972C600CCD405 /* Set.app */;
			productType = "com.apple.product-type.application";
		};
/* End PBXNativeTarget section */

/* Begin PBXProject section */
		69ACFEE6262972C600CCD405 /* Project object */ = {
			isa = PBXProject;
			attributes = {
				LastSwiftUpdateCheck = 1240;
				LastUpgradeCheck = 1240;
				TargetAttributes = {
					69ACFEED262972C600CCD405 = {
						CreatedOnToolsVersion = 12.4;
					};
				};
			};
			buildConfigurationList = 69ACFEE9262972C600CCD405 /* Build configuration list for PBXProject "Set" */;
			compatibilityVersion = "Xcode 9.3";
			developmentRegion = en;
			hasScannedForEncodings = 0;
			knownRegions = (
				en,
				Base,
			);
			mainGroup = 69ACFEE5262972C600CCD405;
			productRefGroup = 69ACFEEF262972C600CCD405 /* Products */;
			projectDirPath = "";
			projectRoot = "";
			targets = (
				69ACFEED262972C600CCD405 /* Set */,
			);
		};
/* End PBXProject section */

/* Begin PBXResourcesBuildPhase section */
		69ACFEEC262972C600CCD405 /* Resources */ = {
			isa = PBXResourcesBuildPhase;
			buildActionMask = 2147483647;
			files = (
				69ACFEF9262972C700CCD405 /* Preview Assets.xcassets in Resources */,
				69ACFEF6262972C700CCD405 /* Assets.xcassets in Resources */,
			);
			runOnlyForDeploymentPostprocessing = 0;
		};
/* End PBXResourcesBuildPhase section */

/* Begin PBXSourcesBuildPhase section */
		69ACFEEA262972C600CCD405 /* Sources */ = {
			isa = PBXSourcesBuildPhase;
			buildActionMask = 2147483647;
			files = (
				69ACFF3E262AF91400CCD405 /* CardView.swift in Sources */,
				69ACFF152629D37D00CCD405 /* SetCard.swift in Sources */,
				69ACFF0B26297C7E00CCD405 /* SetGameViewModel.swift in Sources */,
				69ACFEF4262972C600CCD405 /* ContentView.swift in Sources */,
				69ACFF0E26297CA400CCD405 /* SetGame.swift in Sources */,
				69ACFEF2262972C600CCD405 /* SetApp.swift in Sources */,
				69ACFF3B262A18B800CCD405 /* Array+Identifiable.swift in Sources */,
			);
			runOnlyForDeploymentPostprocessing = 0;
		};
/* End PBXSourcesBuildPhase section */

/* Begin XCBuildConfiguration section */
		69ACFEFB262972C700CCD405 /* Debug */ = {
			isa = XCBuildConfiguration;
			buildSettings = {
				ALWAYS_SEARCH_USER_PATHS = NO;
				CLANG_ANALYZER_NONNULL = YES;
				CLANG_ANALYZER_NUMBER_OBJECT_CONVERSION = YES_AGGRESSIVE;
				CLANG_CXX_LANGUAGE_STANDARD = "gnu++14";
				CLANG_CXX_LIBRARY = "libc++";
				CLANG_ENABLE_MODULES = YES;
				CLANG_ENABLE_OBJC_ARC = YES;
				CLANG_ENABLE_OBJC_WEAK = YES;
				CLANG_WARN_BLOCK_CAPTURE_AUTORELEASING = YES;
				CLANG_WARN_BOOL_CONVERSION = YES;
				CLANG_WARN_COMMA = YES;
				CLANG_WARN_CONSTANT_CONVERSION = YES;
				CLANG_WARN_DEPRECATED_OBJC_IMPLEMENTATIONS = YES;
				CLANG_WARN_DIRECT_OBJC_ISA_USAGE = YES_ERROR;
				CLANG_WARN_DOCUMENTATION_COMMENTS = YES;
				CLANG_WARN_EMPTY_BODY = YES;
				CLANG_WARN_ENUM_CONVERSION = YES;
				CLANG_WARN_INFINITE_RECURSION = YES;
				CLANG_WARN_INT_CONVERSION = YES;
				CLANG_WARN_NON_LITERAL_NULL_CONVERSION = YES;
				CLANG_WARN_OBJC_IMPLICIT_RETAIN_SELF = YES;
				CLANG_WARN_OBJC_LITERAL_CONVERSION = YES;
				CLANG_WARN_OBJC_ROOT_CLASS = YES_ERROR;
				CLANG_WARN_QUOTED_INCLUDE_IN_FRAMEWORK_HEADER = YES;
				CLANG_WARN_RANGE_LOOP_ANALYSIS = YES;
				CLANG_WARN_STRICT_PROTOTYPES = YES;
				CLANG_WARN_SUSPICIOUS_MOVE = YES;
				CLANG_WARN_UNGUARDED_AVAILABILITY = YES_AGGRESSIVE;
				CLANG_WARN_UNREACHABLE_CODE = YES;
				CLANG_WARN__DUPLICATE_METHOD_MATCH = YES;
				COPY_PHASE_STRIP = NO;
				DEBUG_INFORMATION_FORMAT = dwarf;
				ENABLE_STRICT_OBJC_MSGSEND = YES;
				ENABLE_TESTABILITY = YES;
				GCC_C_LANGUAGE_STANDARD = gnu11;
				GCC_DYNAMIC_NO_PIC = NO;
				GCC_NO_COMMON_BLOCKS = YES;
				GCC_OPTIMIZATION_LEVEL = 0;
				GCC_PREPROCESSOR_DEFINITIONS = (
					"DEBUG=1",
					"$(inherited)",
				);
				GCC_WARN_64_TO_32_BIT_CONVERSION = YES;
				GCC_WARN_ABOUT_RETURN_TYPE = YES_ERROR;
				GCC_WARN_UNDECLARED_SELECTOR = YES;
				GCC_WARN_UNINITIALIZED_AUTOS = YES_AGGRESSIVE;
				GCC_WARN_UNUSED_FUNCTION = YES;
				GCC_WARN_UNUSED_VARIABLE = YES;
				IPHONEOS_DEPLOYMENT_TARGET = 14.4;
				MTL_ENABLE_DEBUG_INFO = INCLUDE_SOURCE;
				MTL_FAST_MATH = YES;
				ONLY_ACTIVE_ARCH = YES;
				SDKROOT = iphoneos;
				SWIFT_ACTIVE_COMPILATION_CONDITIONS = DEBUG;
				SWIFT_OPTIMIZATION_LEVEL = "-Onone";
			};
			name = Debug;
		};
		69ACFEFC262972C700CCD405 /* Release */ = {
			isa = XCBuildConfiguration;
			buildSettings = {
				ALWAYS_SEARCH_USER_PATHS = NO;
				CLANG_ANALYZER_NONNULL = YES;
				CLANG_ANALYZER_NUMBER_OBJECT_CONVERSION = YES_AGGRESSIVE;
				CLANG_CXX_LANGUAGE_STANDARD = "gnu++14";
				CLANG_CXX_LIBRARY = "libc++";
				CLANG_ENABLE_MODULES = YES;
				CLANG_ENABLE_OBJC_ARC = YES;
				CLANG_ENABLE_OBJC_WEAK = YES;
				CLANG_WARN_BLOCK_CAPTURE_AUTORELEASING = YES;
				CLANG_WARN_BOOL_CONVERSION = YES;
				CLANG_WARN_COMMA = YES;
				CLANG_WARN_CONSTANT_CONVERSION = YES;
				CLANG_WARN_DEPRECATED_OBJC_IMPLEMENTATIONS = YES;
				CLANG_WARN_DIRECT_OBJC_ISA_USAGE = YES_ERROR;
				CLANG_WARN_DOCUMENTATION_COMMENTS = YES;
				CLANG_WARN_EMPTY_BODY = YES;
				CLANG_WARN_ENUM_CONVERSION = YES;
				CLANG_WARN_INFINITE_RECURSION = YES;
				CLANG_WARN_INT_CONVERSION = YES;
				CLANG_WARN_NON_LITERAL_NULL_CONVERSION = YES;
				CLANG_WARN_OBJC_IMPLICIT_RETAIN_SELF = YES;
				CLANG_WARN_OBJC_LITERAL_CONVERSION = YES;
				CLANG_WARN_OBJC_ROOT_CLASS = YES_ERROR;
				CLANG_WARN_QUOTED_INCLUDE_IN_FRAMEWORK_HEADER = YES;
				CLANG_WARN_RANGE_LOOP_ANALYSIS = YES;
				CLANG_WARN_STRICT_PROTOTYPES = YES;
				CLANG_WARN_SUSPICIOUS_MOVE = YES;
				CLANG_WARN_UNGUARDED_AVAILABILITY = YES_AGGRESSIVE;
				CLANG_WARN_UNREACHABLE_CODE = YES;
				CLANG_WARN__DUPLICATE_METHOD_MATCH = YES;
				COPY_PHASE_STRIP = NO;
				DEBUG_INFORMATION_FORMAT = "dwarf-with-dsym";
				ENABLE_NS_ASSERTIONS = NO;
				ENABLE_STRICT_OBJC_MSGSEND = YES;
				GCC_C_LANGUAGE_STANDARD = gnu11;
				GCC_NO_COMMON_BLOCKS = YES;
				GCC_WARN_64_TO_32_BIT_CONVERSION = YES;
				GCC_WARN_ABOUT_RETURN_TYPE = YES_ERROR;
				GCC_WARN_UNDECLARED_SELECTOR = YES;
				GCC_WARN_UNINITIALIZED_AUTOS = YES_AGGRESSIVE;
				GCC_WARN_UNUSED_FUNCTION = YES;
				GCC_WARN_UNUSED_VARIABLE = YES;
				IPHONEOS_DEPLOYMENT_TARGET = 14.4;
				MTL_ENABLE_DEBUG_INFO = NO;
				MTL_FAST_MATH = YES;
				SDKROOT = iphoneos;
				SWIFT_COMPILATION_MODE = wholemodule;
				SWIFT_OPTIMIZATION_LEVEL = "-O";
				VALIDATE_PRODUCT = YES;
			};
			name = Release;
		};
		69ACFEFE262972C700CCD405 /* Debug */ = {
			isa = XCBuildConfiguration;
			buildSettings = {
				ASSETCATALOG_COMPILER_APPICON_NAME = AppIcon;
				ASSETCATALOG_COMPILER_GLOBAL_ACCENT_COLOR_NAME = AccentColor;
				CODE_SIGN_STYLE = Automatic;
				DEVELOPMENT_ASSET_PATHS = "\"Set/Preview Content\"";
				DEVELOPMENT_TEAM = N48725K3L3;
				ENABLE_PREVIEWS = YES;
				INFOPLIST_FILE = Set/Info.plist;
				IPHONEOS_DEPLOYMENT_TARGET = 14.0;
				LD_RUNPATH_SEARCH_PATHS = (
					"$(inherited)",
					"@executable_path/Frameworks",
				);
				PRODUCT_BUNDLE_IDENTIFIER = ta2002.Set;
				PRODUCT_NAME = "$(TARGET_NAME)";
				SWIFT_VERSION = 5.0;
				TARGETED_DEVICE_FAMILY = "1,2";
			};
			name = Debug;
		};
		69ACFEFF262972C700CCD405 /* Release */ = {
			isa = XCBuildConfiguration;
			buildSettings = {
				ASSETCATALOG_COMPILER_APPICON_NAME = AppIcon;
				ASSETCATALOG_COMPILER_GLOBAL_ACCENT_COLOR_NAME = AccentColor;
				CODE_SIGN_STYLE = Automatic;
				DEVELOPMENT_ASSET_PATHS = "\"Set/Preview Content\"";
				DEVELOPMENT_TEAM = N48725K3L3;
				ENABLE_PREVIEWS = YES;
				INFOPLIST_FILE = Set/Info.plist;
				IPHONEOS_DEPLOYMENT_TARGET = 14.0;
				LD_RUNPATH_SEARCH_PATHS = (
					"$(inherited)",
					"@executable_path/Frameworks",
				);
				PRODUCT_BUNDLE_IDENTIFIER = ta2002.Set;
				PRODUCT_NAME = "$(TARGET_NAME)";
				SWIFT_VERSION = 5.0;
				TARGETED_DEVICE_FAMILY = "1,2";
			};
			name = Release;
		};
/* End XCBuildConfiguration section */

/* Begin XCConfigurationList section */
		69ACFEE9262972C600CCD405 /* Build configuration list for PBXProject "Set" */ = {
			isa = XCConfigurationList;
			buildConfigurations = (
				69ACFEFB262972C700CCD405 /* Debug */,
				69ACFEFC262972C700CCD405 /* Release */,
			);
			defaultConfigurationIsVisible = 0;
			defaultConfigurationName = Release;
		};
		69ACFEFD262972C700CCD405 /* Build configuration list for PBXNativeTarget "Set" */ = {
			isa = XCConfigurationList;
			buildConfigurations = (
				69ACFEFE262972C700CCD405 /* Debug */,
				69ACFEFF262972C700CCD405 /* Release */,
			);
			defaultConfigurationIsVisible = 0;
			defaultConfigurationName = Release;
		};
/* End XCConfigurationList section */
	};
	rootObject = 69ACFEE6262972C600CCD405 /* Project object */;
}
